
Microsoft Visual Studio Solution File, Format Version 12.00
# Visual Studio 15
VisualStudioVersion = 15.0.28010.2036
MinimumVisualStudioVersion = 10.0.40219.1
Project("{FAE04EC0-301F-11D3-BF4B-00C04F79EFBC}") = "HW-4-if-else-to-switch", "HW-4-if-else-to-switch\HW-4-if-else-to-switch.csproj", "{4D5B00AB-DB25-46C9-91EE-30D6617144C1}"
EndProject
Global
	GlobalSection(SolutionConfigurationPlatforms) = preSolution
		Debug|Any CPU = Debug|Any CPU
		Release|Any CPU = Release|Any CPU
	EndGlobalSection
	GlobalSection(ProjectConfigurationPlatforms) = postSolution
		{4D5B00AB-DB25-46C9-91EE-30D6617144C1}.Debug|Any CPU.ActiveCfg = Debug|Any CPU
		{4D5B00AB-DB25-46C9-91EE-30D6617144C1}.Debug|Any CPU.Build.0 = Debug|Any CPU
		{4D5B00AB-DB25-46C9-91EE-30D6617144C1}.Release|Any CPU.ActiveCfg = Release|Any CPU
		{4D5B00AB-DB25-46C9-91EE-30D6617144C1}.Release|Any CPU.Build.0 = Release|Any CPU
	EndGlobalSection
	GlobalSection(SolutionProperties) = preSolution
		HideSolutionNode = FALSE
	EndGlobalSection
	GlobalSection(ExtensibilityGlobals) = postSolution
		SolutionGuid = {1D3DE606-2F2D-4127-B53F-28C61E4008F1}
	EndGlobalSection
EndGlobal
