
Microsoft Visual Studio Solution File, Format Version 12.00
# Visual Studio 15
VisualStudioVersion = 15.0.28010.2036
MinimumVisualStudioVersion = 10.0.40219.1
Project("{FAE04EC0-301F-11D3-BF4B-00C04F79EFBC}") = "Coordinates", "Coordinates\Coordinates.csproj", "{8FD023F4-D7EB-4B3C-88E7-C2DFDC5F6F21}"
EndProject
Global
	GlobalSection(SolutionConfigurationPlatforms) = preSolution
		Debug|Any CPU = Debug|Any CPU
		Release|Any CPU = Release|Any CPU
	EndGlobalSection
	GlobalSection(ProjectConfigurationPlatforms) = postSolution
		{8FD023F4-D7EB-4B3C-88E7-C2DFDC5F6F21}.Debug|Any CPU.ActiveCfg = Debug|Any CPU
		{8FD023F4-D7EB-4B3C-88E7-C2DFDC5F6F21}.Debug|Any CPU.Build.0 = Debug|Any CPU
		{8FD023F4-D7EB-4B3C-88E7-C2DFDC5F6F21}.Release|Any CPU.ActiveCfg = Release|Any CPU
		{8FD023F4-D7EB-4B3C-88E7-C2DFDC5F6F21}.Release|Any CPU.Build.0 = Release|Any CPU
	EndGlobalSection
	GlobalSection(SolutionProperties) = preSolution
		HideSolutionNode = FALSE
	EndGlobalSection
	GlobalSection(ExtensibilityGlobals) = postSolution
		SolutionGuid = {B2B52C64-9EB3-4B11-B421-BBB51FE1AC53}
	EndGlobalSection
EndGlobal
