
Microsoft Visual Studio Solution File, Format Version 12.00
# Visual Studio 15
VisualStudioVersion = 15.0.28010.2036
MinimumVisualStudioVersion = 10.0.40219.1
Project("{FAE04EC0-301F-11D3-BF4B-00C04F79EFBC}") = "HW3", "HW3\HW3.csproj", "{CEC60D6B-84E1-43E6-8129-57DE824F9C99}"
EndProject
Global
	GlobalSection(SolutionConfigurationPlatforms) = preSolution
		Debug|Any CPU = Debug|Any CPU
		Release|Any CPU = Release|Any CPU
	EndGlobalSection
	GlobalSection(ProjectConfigurationPlatforms) = postSolution
		{CEC60D6B-84E1-43E6-8129-57DE824F9C99}.Debug|Any CPU.ActiveCfg = Debug|Any CPU
		{CEC60D6B-84E1-43E6-8129-57DE824F9C99}.Debug|Any CPU.Build.0 = Debug|Any CPU
		{CEC60D6B-84E1-43E6-8129-57DE824F9C99}.Release|Any CPU.ActiveCfg = Release|Any CPU
		{CEC60D6B-84E1-43E6-8129-57DE824F9C99}.Release|Any CPU.Build.0 = Release|Any CPU
	EndGlobalSection
	GlobalSection(SolutionProperties) = preSolution
		HideSolutionNode = FALSE
	EndGlobalSection
	GlobalSection(ExtensibilityGlobals) = postSolution
		SolutionGuid = {01B91654-C6C7-4648-8D34-14CBED0C4D1A}
	EndGlobalSection
EndGlobal
