
Microsoft Visual Studio Solution File, Format Version 12.00
# Visual Studio 15
VisualStudioVersion = 15.0.28010.2036
MinimumVisualStudioVersion = 10.0.40219.1
Project("{FAE04EC0-301F-11D3-BF4B-00C04F79EFBC}") = "String-Replace", "String-Replace\String-Replace.csproj", "{B8DA2E56-7A5A-4723-AD35-1942C93E4211}"
EndProject
Global
	GlobalSection(SolutionConfigurationPlatforms) = preSolution
		Debug|Any CPU = Debug|Any CPU
		Release|Any CPU = Release|Any CPU
	EndGlobalSection
	GlobalSection(ProjectConfigurationPlatforms) = postSolution
		{B8DA2E56-7A5A-4723-AD35-1942C93E4211}.Debug|Any CPU.ActiveCfg = Debug|Any CPU
		{B8DA2E56-7A5A-4723-AD35-1942C93E4211}.Debug|Any CPU.Build.0 = Debug|Any CPU
		{B8DA2E56-7A5A-4723-AD35-1942C93E4211}.Release|Any CPU.ActiveCfg = Release|Any CPU
		{B8DA2E56-7A5A-4723-AD35-1942C93E4211}.Release|Any CPU.Build.0 = Release|Any CPU
	EndGlobalSection
	GlobalSection(SolutionProperties) = preSolution
		HideSolutionNode = FALSE
	EndGlobalSection
	GlobalSection(ExtensibilityGlobals) = postSolution
		SolutionGuid = {E759B72C-B783-49C9-B497-5DC49F97AF84}
	EndGlobalSection
EndGlobal
