
Microsoft Visual Studio Solution File, Format Version 12.00
# Visual Studio 15
VisualStudioVersion = 15.0.28010.2036
MinimumVisualStudioVersion = 10.0.40219.1
Project("{FAE04EC0-301F-11D3-BF4B-00C04F79EFBC}") = "HW-4-switch-calc", "HW-4-switch-calc\HW-4-switch-calc.csproj", "{9078F468-D3B7-4385-B0B6-6365F2497529}"
EndProject
Global
	GlobalSection(SolutionConfigurationPlatforms) = preSolution
		Debug|Any CPU = Debug|Any CPU
		Release|Any CPU = Release|Any CPU
	EndGlobalSection
	GlobalSection(ProjectConfigurationPlatforms) = postSolution
		{9078F468-D3B7-4385-B0B6-6365F2497529}.Debug|Any CPU.ActiveCfg = Debug|Any CPU
		{9078F468-D3B7-4385-B0B6-6365F2497529}.Debug|Any CPU.Build.0 = Debug|Any CPU
		{9078F468-D3B7-4385-B0B6-6365F2497529}.Release|Any CPU.ActiveCfg = Release|Any CPU
		{9078F468-D3B7-4385-B0B6-6365F2497529}.Release|Any CPU.Build.0 = Release|Any CPU
	EndGlobalSection
	GlobalSection(SolutionProperties) = preSolution
		HideSolutionNode = FALSE
	EndGlobalSection
	GlobalSection(ExtensibilityGlobals) = postSolution
		SolutionGuid = {C7BDC75F-D5E7-4D5E-B18B-0EAC5C2538FE}
	EndGlobalSection
EndGlobal
