
Microsoft Visual Studio Solution File, Format Version 12.00
# Visual Studio 15
VisualStudioVersion = 15.0.28010.2036
MinimumVisualStudioVersion = 10.0.40219.1
Project("{FAE04EC0-301F-11D3-BF4B-00C04F79EFBC}") = "AudioPlayer", "AudioPlayer\AudioPlayer.csproj", "{49A74EFB-5D05-4FC6-A247-AF1E43F70538}"
EndProject
Global
	GlobalSection(SolutionConfigurationPlatforms) = preSolution
		Debug|Any CPU = Debug|Any CPU
		Release|Any CPU = Release|Any CPU
	EndGlobalSection
	GlobalSection(ProjectConfigurationPlatforms) = postSolution
		{49A74EFB-5D05-4FC6-A247-AF1E43F70538}.Debug|Any CPU.ActiveCfg = Debug|Any CPU
		{49A74EFB-5D05-4FC6-A247-AF1E43F70538}.Debug|Any CPU.Build.0 = Debug|Any CPU
		{49A74EFB-5D05-4FC6-A247-AF1E43F70538}.Release|Any CPU.ActiveCfg = Release|Any CPU
		{49A74EFB-5D05-4FC6-A247-AF1E43F70538}.Release|Any CPU.Build.0 = Release|Any CPU
	EndGlobalSection
	GlobalSection(SolutionProperties) = preSolution
		HideSolutionNode = FALSE
	EndGlobalSection
	GlobalSection(ExtensibilityGlobals) = postSolution
		SolutionGuid = {12000588-D55F-49B5-846D-BF1D9CDBB88C}
	EndGlobalSection
EndGlobal
