
Microsoft Visual Studio Solution File, Format Version 12.00
# Visual Studio 15
VisualStudioVersion = 15.0.28010.2036
MinimumVisualStudioVersion = 10.0.40219.1
Project("{FAE04EC0-301F-11D3-BF4B-00C04F79EFBC}") = "Sentense-Trim", "Sentense-Trim\Sentense-Trim.csproj", "{FC8648B2-5365-456C-98D8-27AA6702818C}"
EndProject
Global
	GlobalSection(SolutionConfigurationPlatforms) = preSolution
		Debug|Any CPU = Debug|Any CPU
		Release|Any CPU = Release|Any CPU
	EndGlobalSection
	GlobalSection(ProjectConfigurationPlatforms) = postSolution
		{FC8648B2-5365-456C-98D8-27AA6702818C}.Debug|Any CPU.ActiveCfg = Debug|Any CPU
		{FC8648B2-5365-456C-98D8-27AA6702818C}.Debug|Any CPU.Build.0 = Debug|Any CPU
		{FC8648B2-5365-456C-98D8-27AA6702818C}.Release|Any CPU.ActiveCfg = Release|Any CPU
		{FC8648B2-5365-456C-98D8-27AA6702818C}.Release|Any CPU.Build.0 = Release|Any CPU
	EndGlobalSection
	GlobalSection(SolutionProperties) = preSolution
		HideSolutionNode = FALSE
	EndGlobalSection
	GlobalSection(ExtensibilityGlobals) = postSolution
		SolutionGuid = {3FCC2B0B-3837-40D9-B660-C4B35F41BB26}
	EndGlobalSection
EndGlobal
